{
  "name": "lesson4",
  "version": "1.0.0",
  "lockfileVersion": 1,
  "requires": true,
  "dependencies": {
    "@reactivex/rxjs": {
      "version": "5.5.8",
      "resolved": "https://registry.npmjs.org/@reactivex/rxjs/-/rxjs-5.5.8.tgz",
      "integrity": "sha512-6tQKFHZQmHwyjzxoLYFq4UfoJHKWME7i4/dQWYa34dq/BMEp3NFBpXO46O47gGRv8v6B7Yv1v41ohJouY5Phvw==",
      "requires": {
        "symbol-observable": "1.0.1"
      }
    },
    "rxjs": {
      "version": "6.0.0-beta.4",
      "resolved": "https://registry.npmjs.org/rxjs/-/rxjs-6.0.0-beta.4.tgz",
      "integrity": "sha512-H+ghJ4H2mPrugoMfgbeky0yhmOrk4y0ykRyZpYvU2za0VbE2WTKgY/9pF7HJCogPFNIyI4GqI9Ujk3Xr4XxHbQ==",
      "requires": {
        "tslib": "1.9.0"
      }
    },
    "symbol-observable": {
      "version": "1.0.1",
      "resolved": "https://registry.npmjs.org/symbol-observable/-/symbol-observable-1.0.1.tgz",
      "integrity": "sha1-g0D8RwLDEi310iKI+IKD9RPT/dQ="
    },
    "tslib": {
      "version": "1.9.0",
      "resolved": "https://registry.npmjs.org/tslib/-/tslib-1.9.0.tgz",
      "integrity": "sha512-f/qGG2tUkrISBlQZEjEqoZ3B2+npJjIf04H1wuAv9iA8i04Icp+61KRXxFdha22670NJopsZCIjhC3SnjPRKrQ=="
    }
  }
}
